// !$*UTF8*$!
{
	archiveVersion = 1;
	classes = {
	};
	objectVersion = 56;
	objects = {

/* Begin PBXBuildFile section */
		475423612A40FCB00018568E /* SimpleWeatherApp.swift in Sources */ = {isa = PBXBuildFile; fileRef = 475423602A40FCB00018568E /* SimpleWeatherApp.swift */; };
		475423652A40FCB10018568E /* Assets.xcassets in Resources */ = {isa = PBXBuildFile; fileRef = 475423642A40FCB10018568E /* Assets.xcassets */; };
		475423682A40FCB10018568E /* Preview Assets.xcassets in Resources */ = {isa = PBXBuildFile; fileRef = 475423672A40FCB10018568E /* Preview Assets.xcassets */; };
		475423722A40FCB10018568E /* SimpleWeatherTests.swift in Sources */ = {isa = PBXBuildFile; fileRef = 475423712A40FCB10018568E /* SimpleWeatherTests.swift */; };
		4754237C2A40FCB10018568E /* SimpleWeatherUITests.swift in Sources */ = {isa = PBXBuildFile; fileRef = 4754237B2A40FCB10018568E /* SimpleWeatherUITests.swift */; };
		4754237E2A40FCB10018568E /* SimpleWeatherUITestsLaunchTests.swift in Sources */ = {isa = PBXBuildFile; fileRef = 4754237D2A40FCB10018568E /* SimpleWeatherUITestsLaunchTests.swift */; };
		4754238C2A41016E0018568E /* HomeView.swift in Sources */ = {isa = PBXBuildFile; fileRef = 4754238B2A41016E0018568E /* HomeView.swift */; };
		4754238E2A4101AE0018568E /* WeatherView.swift in Sources */ = {isa = PBXBuildFile; fileRef = 4754238D2A4101AE0018568E /* WeatherView.swift */; };
		475423902A4101D70018568E /* Forecast.swift in Sources */ = {isa = PBXBuildFile; fileRef = 4754238F2A4101D70018568E /* Forecast.swift */; };
		475423942A41359F0018568E /* NWSAPI.swift in Sources */ = {isa = PBXBuildFile; fileRef = 475423932A41359F0018568E /* NWSAPI.swift */; };
		4754239A2A4139AB0018568E /* Points.swift in Sources */ = {isa = PBXBuildFile; fileRef = 475423992A4139AB0018568E /* Points.swift */; };
		47D0E09A2A41467F00A1B3D5 /* Locater.swift in Sources */ = {isa = PBXBuildFile; fileRef = 47D0E0992A41467F00A1B3D5 /* Locater.swift */; };
/* End PBXBuildFile section */

/* Begin PBXContainerItemProxy section */
		4754236E2A40FCB10018568E /* PBXContainerItemProxy */ = {
			isa = PBXContainerItemProxy;
			containerPortal = 475423552A40FCB00018568E /* Project object */;
			proxyType = 1;
			remoteGlobalIDString = 4754235C2A40FCB00018568E;
			remoteInfo = SimpleWeather;
		};
		475423782A40FCB10018568E /* PBXContainerItemProxy */ = {
			isa = PBXContainerItemProxy;
			containerPortal = 475423552A40FCB00018568E /* Project object */;
			proxyType = 1;
			remoteGlobalIDString = 4754235C2A40FCB00018568E;
			remoteInfo = SimpleWeather;
		};
/* End PBXContainerItemProxy section */

/* Begin PBXFileReference section */
		4754235D2A40FCB00018568E /* SimpleWeather.app */ = {isa = PBXFileReference; explicitFileType = wrapper.application; includeInIndex = 0; path = SimpleWeather.app; sourceTree = BUILT_PRODUCTS_DIR; };
		475423602A40FCB00018568E /* SimpleWeatherApp.swift */ = {isa = PBXFileReference; lastKnownFileType = sourcecode.swift; path = SimpleWeatherApp.swift; sourceTree = "<group>"; };
		475423642A40FCB10018568E /* Assets.xcassets */ = {isa = PBXFileReference; lastKnownFileType = folder.assetcatalog; path = Assets.xcassets; sourceTree = "<group>"; };
		475423672A40FCB10018568E /* Preview Assets.xcassets */ = {isa = PBXFileReference; lastKnownFileType = folder.assetcatalog; path = "Preview Assets.xcassets"; sourceTree = "<group>"; };
		4754236D2A40FCB10018568E /* SimpleWeatherTests.xctest */ = {isa = PBXFileReference; explicitFileType = wrapper.cfbundle; includeInIndex = 0; path = SimpleWeatherTests.xctest; sourceTree = BUILT_PRODUCTS_DIR; };
		475423712A40FCB10018568E /* SimpleWeatherTests.swift */ = {isa = PBXFileReference; lastKnownFileType = sourcecode.swift; path = SimpleWeatherTests.swift; sourceTree = "<group>"; };
		475423772A40FCB10018568E /* SimpleWeatherUITests.xctest */ = {isa = PBXFileReference; explicitFileType = wrapper.cfbundle; includeInIndex = 0; path = SimpleWeatherUITests.xctest; sourceTree = BUILT_PRODUCTS_DIR; };
		4754237B2A40FCB10018568E /* SimpleWeatherUITests.swift */ = {isa = PBXFileReference; lastKnownFileType = sourcecode.swift; path = SimpleWeatherUITests.swift; sourceTree = "<group>"; };
		4754237D2A40FCB10018568E /* SimpleWeatherUITestsLaunchTests.swift */ = {isa = PBXFileReference; lastKnownFileType = sourcecode.swift; path = SimpleWeatherUITestsLaunchTests.swift; sourceTree = "<group>"; };
		4754238B2A41016E0018568E /* HomeView.swift */ = {isa = PBXFileReference; lastKnownFileType = sourcecode.swift; path = HomeView.swift; sourceTree = "<group>"; };
		4754238D2A4101AE0018568E /* WeatherView.swift */ = {isa = PBXFileReference; lastKnownFileType = sourcecode.swift; path = WeatherView.swift; sourceTree = "<group>"; };
		4754238F2A4101D70018568E /* Forecast.swift */ = {isa = PBXFileReference; lastKnownFileType = sourcecode.swift; path = Forecast.swift; sourceTree = "<group>"; };
		475423932A41359F0018568E /* NWSAPI.swift */ = {isa = PBXFileReference; lastKnownFileType = sourcecode.swift; path = NWSAPI.swift; sourceTree = "<group>"; };
		475423992A4139AB0018568E /* Points.swift */ = {isa = PBXFileReference; lastKnownFileType = sourcecode.swift; path = Points.swift; sourceTree = "<group>"; };
		47D0E0992A41467F00A1B3D5 /* Locater.swift */ = {isa = PBXFileReference; lastKnownFileType = sourcecode.swift; path = Locater.swift; sourceTree = "<group>"; };
		47D0E09B2A414BCB00A1B3D5 /* Info.plist */ = {isa = PBXFileReference; lastKnownFileType = text.plist; path = Info.plist; sourceTree = "<group>"; };
/* End PBXFileReference section */

/* Begin PBXFrameworksBuildPhase section */
		4754235A2A40FCB00018568E /* Frameworks */ = {
			isa = PBXFrameworksBuildPhase;
			buildActionMask = 2147483647;
			files = (
			);
			runOnlyForDeploymentPostprocessing = 0;
		};
		4754236A2A40FCB10018568E /* Frameworks */ = {
			isa = PBXFrameworksBuildPhase;
			buildActionMask = 2147483647;
			files = (
			);
			runOnlyForDeploymentPostprocessing = 0;
		};
		475423742A40FCB10018568E /* Frameworks */ = {
			isa = PBXFrameworksBuildPhase;
			buildActionMask = 2147483647;
			files = (
			);
			runOnlyForDeploymentPostprocessing = 0;
		};
/* End PBXFrameworksBuildPhase section */

/* Begin PBXGroup section */
		475423542A40FCB00018568E = {
			isa = PBXGroup;
			children = (
				4754235F2A40FCB00018568E /* SimpleWeather */,
				475423702A40FCB10018568E /* SimpleWeatherTests */,
				4754237A2A40FCB10018568E /* SimpleWeatherUITests */,
				4754235E2A40FCB00018568E /* Products */,
			);
			sourceTree = "<group>";
		};
		4754235E2A40FCB00018568E /* Products */ = {
			isa = PBXGroup;
			children = (
				4754235D2A40FCB00018568E /* SimpleWeather.app */,
				4754236D2A40FCB10018568E /* SimpleWeatherTests.xctest */,
				475423772A40FCB10018568E /* SimpleWeatherUITests.xctest */,
			);
			name = Products;
			sourceTree = "<group>";
		};
		4754235F2A40FCB00018568E /* SimpleWeather */ = {
			isa = PBXGroup;
			children = (
				47D0E09B2A414BCB00A1B3D5 /* Info.plist */,
				475423922A4135820018568E /* Networking */,
				4754238A2A41015E0018568E /* UI */,
				475423602A40FCB00018568E /* SimpleWeatherApp.swift */,
				475423642A40FCB10018568E /* Assets.xcassets */,
				475423662A40FCB10018568E /* Preview Content */,
			);
			path = SimpleWeather;
			sourceTree = "<group>";
		};
		475423662A40FCB10018568E /* Preview Content */ = {
			isa = PBXGroup;
			children = (
				475423672A40FCB10018568E /* Preview Assets.xcassets */,
			);
			path = "Preview Content";
			sourceTree = "<group>";
		};
		475423702A40FCB10018568E /* SimpleWeatherTests */ = {
			isa = PBXGroup;
			children = (
				475423712A40FCB10018568E /* SimpleWeatherTests.swift */,
			);
			path = SimpleWeatherTests;
			sourceTree = "<group>";
		};
		4754237A2A40FCB10018568E /* SimpleWeatherUITests */ = {
			isa = PBXGroup;
			children = (
				4754237B2A40FCB10018568E /* SimpleWeatherUITests.swift */,
				4754237D2A40FCB10018568E /* SimpleWeatherUITestsLaunchTests.swift */,
			);
			path = SimpleWeatherUITests;
			sourceTree = "<group>";
		};
		4754238A2A41015E0018568E /* UI */ = {
			isa = PBXGroup;
			children = (
				4754238B2A41016E0018568E /* HomeView.swift */,
				4754238D2A4101AE0018568E /* WeatherView.swift */,
			);
			path = UI;
			sourceTree = "<group>";
		};
		475423912A4101DB0018568E /* Models */ = {
			isa = PBXGroup;
			children = (
				4754238F2A4101D70018568E /* Forecast.swift */,
				475423992A4139AB0018568E /* Points.swift */,
			);
			path = Models;
			sourceTree = "<group>";
		};
		475423922A4135820018568E /* Networking */ = {
			isa = PBXGroup;
			children = (
				475423912A4101DB0018568E /* Models */,
				475423932A41359F0018568E /* NWSAPI.swift */,
				47D0E0992A41467F00A1B3D5 /* Locater.swift */,
			);
			path = Networking;
			sourceTree = "<group>";
		};
/* End PBXGroup section */

/* Begin PBXNativeTarget section */
		4754235C2A40FCB00018568E /* SimpleWeather */ = {
			isa = PBXNativeTarget;
			buildConfigurationList = 475423812A40FCB10018568E /* Build configuration list for PBXNativeTarget "SimpleWeather" */;
			buildPhases = (
				475423592A40FCB00018568E /* Sources */,
				4754235A2A40FCB00018568E /* Frameworks */,
				4754235B2A40FCB00018568E /* Resources */,
			);
			buildRules = (
			);
			dependencies = (
			);
			name = SimpleWeather;
			productName = SimpleWeather;
			productReference = 4754235D2A40FCB00018568E /* SimpleWeather.app */;
			productType = "com.apple.product-type.application";
		};
		4754236C2A40FCB10018568E /* SimpleWeatherTests */ = {
			isa = PBXNativeTarget;
			buildConfigurationList = 475423842A40FCB10018568E /* Build configuration list for PBXNativeTarget "SimpleWeatherTests" */;
			buildPhases = (
				475423692A40FCB10018568E /* Sources */,
				4754236A2A40FCB10018568E /* Frameworks */,
				4754236B2A40FCB10018568E /* Resources */,
			);
			buildRules = (
			);
			dependencies = (
				4754236F2A40FCB10018568E /* PBXTargetDependency */,
			);
			name = SimpleWeatherTests;
			productName = SimpleWeatherTests;
			productReference = 4754236D2A40FCB10018568E /* SimpleWeatherTests.xctest */;
			productType = "com.apple.product-type.bundle.unit-test";
		};
		475423762A40FCB10018568E /* SimpleWeatherUITests */ = {
			isa = PBXNativeTarget;
			buildConfigurationList = 475423872A40FCB10018568E /* Build configuration list for PBXNativeTarget "SimpleWeatherUITests" */;
			buildPhases = (
				475423732A40FCB10018568E /* Sources */,
				475423742A40FCB10018568E /* Frameworks */,
				475423752A40FCB10018568E /* Resources */,
			);
			buildRules = (
			);
			dependencies = (
				475423792A40FCB10018568E /* PBXTargetDependency */,
			);
			name = SimpleWeatherUITests;
			productName = SimpleWeatherUITests;
			productReference = 475423772A40FCB10018568E /* SimpleWeatherUITests.xctest */;
			productType = "com.apple.product-type.bundle.ui-testing";
		};
/* End PBXNativeTarget section */

/* Begin PBXProject section */
		475423552A40FCB00018568E /* Project object */ = {
			isa = PBXProject;
			attributes = {
				BuildIndependentTargetsInParallel = 1;
				LastSwiftUpdateCheck = 1430;
				LastUpgradeCheck = 1430;
				TargetAttributes = {
					4754235C2A40FCB00018568E = {
						CreatedOnToolsVersion = 14.3.1;
					};
					4754236C2A40FCB10018568E = {
						CreatedOnToolsVersion = 14.3.1;
						TestTargetID = 4754235C2A40FCB00018568E;
					};
					475423762A40FCB10018568E = {
						CreatedOnToolsVersion = 14.3.1;
						TestTargetID = 4754235C2A40FCB00018568E;
					};
				};
			};
			buildConfigurationList = 475423582A40FCB00018568E /* Build configuration list for PBXProject "SimpleWeather" */;
			compatibilityVersion = "Xcode 14.0";
			developmentRegion = en;
			hasScannedForEncodings = 0;
			knownRegions = (
				en,
				Base,
			);
			mainGroup = 475423542A40FCB00018568E;
			productRefGroup = 4754235E2A40FCB00018568E /* Products */;
			projectDirPath = "";
			projectRoot = "";
			targets = (
				4754235C2A40FCB00018568E /* SimpleWeather */,
				4754236C2A40FCB10018568E /* SimpleWeatherTests */,
				475423762A40FCB10018568E /* SimpleWeatherUITests */,
			);
		};
/* End PBXProject section */

/* Begin PBXResourcesBuildPhase section */
		4754235B2A40FCB00018568E /* Resources */ = {
			isa = PBXResourcesBuildPhase;
			buildActionMask = 2147483647;
			files = (
				475423682A40FCB10018568E /* Preview Assets.xcassets in Resources */,
				475423652A40FCB10018568E /* Assets.xcassets in Resources */,
			);
			runOnlyForDeploymentPostprocessing = 0;
		};
		4754236B2A40FCB10018568E /* Resources */ = {
			isa = PBXResourcesBuildPhase;
			buildActionMask = 2147483647;
			files = (
			);
			runOnlyForDeploymentPostprocessing = 0;
		};
		475423752A40FCB10018568E /* Resources */ = {
			isa = PBXResourcesBuildPhase;
			buildActionMask = 2147483647;
			files = (
			);
			runOnlyForDeploymentPostprocessing = 0;
		};
/* End PBXResourcesBuildPhase section */

/* Begin PBXSourcesBuildPhase section */
		475423592A40FCB00018568E /* Sources */ = {
			isa = PBXSourcesBuildPhase;
			buildActionMask = 2147483647;
			files = (
				4754238C2A41016E0018568E /* HomeView.swift in Sources */,
				47D0E09A2A41467F00A1B3D5 /* Locater.swift in Sources */,
				475423612A40FCB00018568E /* SimpleWeatherApp.swift in Sources */,
				475423942A41359F0018568E /* NWSAPI.swift in Sources */,
				4754239A2A4139AB0018568E /* Points.swift in Sources */,
				4754238E2A4101AE0018568E /* WeatherView.swift in Sources */,
				475423902A4101D70018568E /* Forecast.swift in Sources */,
			);
			runOnlyForDeploymentPostprocessing = 0;
		};
		475423692A40FCB10018568E /* Sources */ = {
			isa = PBXSourcesBuildPhase;
			buildActionMask = 2147483647;
			files = (
				475423722A40FCB10018568E /* SimpleWeatherTests.swift in Sources */,
			);
			runOnlyForDeploymentPostprocessing = 0;
		};
		475423732A40FCB10018568E /* Sources */ = {
			isa = PBXSourcesBuildPhase;
			buildActionMask = 2147483647;
			files = (
				4754237C2A40FCB10018568E /* SimpleWeatherUITests.swift in Sources */,
				4754237E2A40FCB10018568E /* SimpleWeatherUITestsLaunchTests.swift in Sources */,
			);
			runOnlyForDeploymentPostprocessing = 0;
		};
/* End PBXSourcesBuildPhase section */

/* Begin PBXTargetDependency section */
		4754236F2A40FCB10018568E /* PBXTargetDependency */ = {
			isa = PBXTargetDependency;
			target = 4754235C2A40FCB00018568E /* SimpleWeather */;
			targetProxy = 4754236E2A40FCB10018568E /* PBXContainerItemProxy */;
		};
		475423792A40FCB10018568E /* PBXTargetDependency */ = {
			isa = PBXTargetDependency;
			target = 4754235C2A40FCB00018568E /* SimpleWeather */;
			targetProxy = 475423782A40FCB10018568E /* PBXContainerItemProxy */;
		};
/* End PBXTargetDependency section */

/* Begin XCBuildConfiguration section */
		4754237F2A40FCB10018568E /* Debug */ = {
			isa = XCBuildConfiguration;
			buildSettings = {
				ALWAYS_SEARCH_USER_PATHS = NO;
				CLANG_ANALYZER_NONNULL = YES;
				CLANG_ANALYZER_NUMBER_OBJECT_CONVERSION = YES_AGGRESSIVE;
				CLANG_CXX_LANGUAGE_STANDARD = "gnu++20";
				CLANG_ENABLE_MODULES = YES;
				CLANG_ENABLE_OBJC_ARC = YES;
				CLANG_ENABLE_OBJC_WEAK = YES;
				CLANG_WARN_BLOCK_CAPTURE_AUTORELEASING = YES;
				CLANG_WARN_BOOL_CONVERSION = YES;
				CLANG_WARN_COMMA = YES;
				CLANG_WARN_CONSTANT_CONVERSION = YES;
				CLANG_WARN_DEPRECATED_OBJC_IMPLEMENTATIONS = YES;
				CLANG_WARN_DIRECT_OBJC_ISA_USAGE = YES_ERROR;
				CLANG_WARN_DOCUMENTATION_COMMENTS = YES;
				CLANG_WARN_EMPTY_BODY = YES;
				CLANG_WARN_ENUM_CONVERSION = YES;
				CLANG_WARN_INFINITE_RECURSION = YES;
				CLANG_WARN_INT_CONVERSION = YES;
				CLANG_WARN_NON_LITERAL_NULL_CONVERSION = YES;
				CLANG_WARN_OBJC_IMPLICIT_RETAIN_SELF = YES;
				CLANG_WARN_OBJC_LITERAL_CONVERSION = YES;
				CLANG_WARN_OBJC_ROOT_CLASS = YES_ERROR;
				CLANG_WARN_QUOTED_INCLUDE_IN_FRAMEWORK_HEADER = YES;
				CLANG_WARN_RANGE_LOOP_ANALYSIS = YES;
				CLANG_WARN_STRICT_PROTOTYPES = YES;
				CLANG_WARN_SUSPICIOUS_MOVE = YES;
				CLANG_WARN_UNGUARDED_AVAILABILITY = YES_AGGRESSIVE;
				CLANG_WARN_UNREACHABLE_CODE = YES;
				CLANG_WARN__DUPLICATE_METHOD_MATCH = YES;
				COPY_PHASE_STRIP = NO;
				DEBUG_INFORMATION_FORMAT = dwarf;
				ENABLE_STRICT_OBJC_MSGSEND = YES;
				ENABLE_TESTABILITY = YES;
				GCC_C_LANGUAGE_STANDARD = gnu11;
				GCC_DYNAMIC_NO_PIC = NO;
				GCC_NO_COMMON_BLOCKS = YES;
				GCC_OPTIMIZATION_LEVEL = 0;
				GCC_PREPROCESSOR_DEFINITIONS = (
					"DEBUG=1",
					"$(inherited)",
				);
				GCC_WARN_64_TO_32_BIT_CONVERSION = YES;
				GCC_WARN_ABOUT_RETURN_TYPE = YES_ERROR;
				GCC_WARN_UNDECLARED_SELECTOR = YES;
				GCC_WARN_UNINITIALIZED_AUTOS = YES_AGGRESSIVE;
				GCC_WARN_UNUSED_FUNCTION = YES;
				GCC_WARN_UNUSED_VARIABLE = YES;
				IPHONEOS_DEPLOYMENT_TARGET = 16.0;
				MTL_ENABLE_DEBUG_INFO = INCLUDE_SOURCE;
				MTL_FAST_MATH = YES;
				ONLY_ACTIVE_ARCH = YES;
				SDKROOT = iphoneos;
				SWIFT_ACTIVE_COMPILATION_CONDITIONS = DEBUG;
				SWIFT_OPTIMIZATION_LEVEL = "-Onone";
			};
			name = Debug;
		};
		475423802A40FCB10018568E /* Release */ = {
			isa = XCBuildConfiguration;
			buildSettings = {
				ALWAYS_SEARCH_USER_PATHS = NO;
				CLANG_ANALYZER_NONNULL = YES;
				CLANG_ANALYZER_NUMBER_OBJECT_CONVERSION = YES_AGGRESSIVE;
				CLANG_CXX_LANGUAGE_STANDARD = "gnu++20";
				CLANG_ENABLE_MODULES = YES;
				CLANG_ENABLE_OBJC_ARC = YES;
				CLANG_ENABLE_OBJC_WEAK = YES;
				CLANG_WARN_BLOCK_CAPTURE_AUTORELEASING = YES;
				CLANG_WARN_BOOL_CONVERSION = YES;
				CLANG_WARN_COMMA = YES;
				CLANG_WARN_CONSTANT_CONVERSION = YES;
				CLANG_WARN_DEPRECATED_OBJC_IMPLEMENTATIONS = YES;
				CLANG_WARN_DIRECT_OBJC_ISA_USAGE = YES_ERROR;
				CLANG_WARN_DOCUMENTATION_COMMENTS = YES;
				CLANG_WARN_EMPTY_BODY = YES;
				CLANG_WARN_ENUM_CONVERSION = YES;
				CLANG_WARN_INFINITE_RECURSION = YES;
				CLANG_WARN_INT_CONVERSION = YES;
				CLANG_WARN_NON_LITERAL_NULL_CONVERSION = YES;
				CLANG_WARN_OBJC_IMPLICIT_RETAIN_SELF = YES;
				CLANG_WARN_OBJC_LITERAL_CONVERSION = YES;
				CLANG_WARN_OBJC_ROOT_CLASS = YES_ERROR;
				CLANG_WARN_QUOTED_INCLUDE_IN_FRAMEWORK_HEADER = YES;
				CLANG_WARN_RANGE_LOOP_ANALYSIS = YES;
				CLANG_WARN_STRICT_PROTOTYPES = YES;
				CLANG_WARN_SUSPICIOUS_MOVE = YES;
				CLANG_WARN_UNGUARDED_AVAILABILITY = YES_AGGRESSIVE;
				CLANG_WARN_UNREACHABLE_CODE = YES;
				CLANG_WARN__DUPLICATE_METHOD_MATCH = YES;
				COPY_PHASE_STRIP = NO;
				DEBUG_INFORMATION_FORMAT = "dwarf-with-dsym";
				ENABLE_NS_ASSERTIONS = NO;
				ENABLE_STRICT_OBJC_MSGSEND = YES;
				GCC_C_LANGUAGE_STANDARD = gnu11;
				GCC_NO_COMMON_BLOCKS = YES;
				GCC_WARN_64_TO_32_BIT_CONVERSION = YES;
				GCC_WARN_ABOUT_RETURN_TYPE = YES_ERROR;
				GCC_WARN_UNDECLARED_SELECTOR = YES;
				GCC_WARN_UNINITIALIZED_AUTOS = YES_AGGRESSIVE;
				GCC_WARN_UNUSED_FUNCTION = YES;
				GCC_WARN_UNUSED_VARIABLE = YES;
				IPHONEOS_DEPLOYMENT_TARGET = 16.0;
				MTL_ENABLE_DEBUG_INFO = NO;
				MTL_FAST_MATH = YES;
				SDKROOT = iphoneos;
				SWIFT_COMPILATION_MODE = wholemodule;
				SWIFT_OPTIMIZATION_LEVEL = "-O";
				VALIDATE_PRODUCT = YES;
			};
			name = Release;
		};
		475423822A40FCB10018568E /* Debug */ = {
			isa = XCBuildConfiguration;
			buildSettings = {
				ASSETCATALOG_COMPILER_APPICON_NAME = AppIcon;
				ASSETCATALOG_COMPILER_GLOBAL_ACCENT_COLOR_NAME = AccentColor;
				CODE_SIGN_STYLE = Automatic;
				CURRENT_PROJECT_VERSION = 1;
				DEVELOPMENT_ASSET_PATHS = "\"SimpleWeather/Preview Content\"";
				DEVELOPMENT_TEAM = 26V332SYBX;
				ENABLE_PREVIEWS = YES;
				GENERATE_INFOPLIST_FILE = YES;
				INFOPLIST_FILE = SimpleWeather/Info.plist;
				INFOPLIST_KEY_NSLocationWhenInUseUsageDescription = "In order to receive a forecast, the NWS requires coordinates which this app uses location data to get";
				INFOPLIST_KEY_UIApplicationSceneManifest_Generation = YES;
				INFOPLIST_KEY_UIApplicationSupportsIndirectInputEvents = YES;
				INFOPLIST_KEY_UILaunchScreen_Generation = YES;
				INFOPLIST_KEY_UISupportedInterfaceOrientations_iPad = "UIInterfaceOrientationPortrait UIInterfaceOrientationPortraitUpsideDown UIInterfaceOrientationLandscapeLeft UIInterfaceOrientationLandscapeRight";
				INFOPLIST_KEY_UISupportedInterfaceOrientations_iPhone = "UIInterfaceOrientationPortrait UIInterfaceOrientationLandscapeLeft UIInterfaceOrientationLandscapeRight";
				LD_RUNPATH_SEARCH_PATHS = (
					"$(inherited)",
					"@executable_path/Frameworks",
				);
				MARKETING_VERSION = 1.0;
				PRODUCT_BUNDLE_IDENTIFIER = me.johnmahlon.SimpleWeather;
				PRODUCT_NAME = "$(TARGET_NAME)";
				SWIFT_EMIT_LOC_STRINGS = YES;
				SWIFT_VERSION = 5.0;
				TARGETED_DEVICE_FAMILY = "1,2";
			};
			name = Debug;
		};
		475423832A40FCB10018568E /* Release */ = {
			isa = XCBuildConfiguration;
			buildSettings = {
				ASSETCATALOG_COMPILER_APPICON_NAME = AppIcon;
				ASSETCATALOG_COMPILER_GLOBAL_ACCENT_COLOR_NAME = AccentColor;
				CODE_SIGN_STYLE = Automatic;
				CURRENT_PROJECT_VERSION = 1;
				DEVELOPMENT_ASSET_PATHS = "\"SimpleWeather/Preview Content\"";
				DEVELOPMENT_TEAM = 26V332SYBX;
				ENABLE_PREVIEWS = YES;
				GENERATE_INFOPLIST_FILE = YES;
				INFOPLIST_FILE = SimpleWeather/Info.plist;
				INFOPLIST_KEY_NSLocationWhenInUseUsageDescription = "In order to receive a forecast, the NWS requires coordinates which this app uses location data to get";
				INFOPLIST_KEY_UIApplicationSceneManifest_Generation = YES;
				INFOPLIST_KEY_UIApplicationSupportsIndirectInputEvents = YES;
				INFOPLIST_KEY_UILaunchScreen_Generation = YES;
				INFOPLIST_KEY_UISupportedInterfaceOrientations_iPad = "UIInterfaceOrientationPortrait UIInterfaceOrientationPortraitUpsideDown UIInterfaceOrientationLandscapeLeft UIInterfaceOrientationLandscapeRight";
				INFOPLIST_KEY_UISupportedInterfaceOrientations_iPhone = "UIInterfaceOrientationPortrait UIInterfaceOrientationLandscapeLeft UIInterfaceOrientationLandscapeRight";
				LD_RUNPATH_SEARCH_PATHS = (
					"$(inherited)",
					"@executable_path/Frameworks",
				);
				MARKETING_VERSION = 1.0;
				PRODUCT_BUNDLE_IDENTIFIER = me.johnmahlon.SimpleWeather;
				PRODUCT_NAME = "$(TARGET_NAME)";
				SWIFT_EMIT_LOC_STRINGS = YES;
				SWIFT_VERSION = 5.0;
				TARGETED_DEVICE_FAMILY = "1,2";
			};
			name = Release;
		};
		475423852A40FCB10018568E /* Debug */ = {
			isa = XCBuildConfiguration;
			buildSettings = {
				ALWAYS_EMBED_SWIFT_STANDARD_LIBRARIES = YES;
				BUNDLE_LOADER = "$(TEST_HOST)";
				CODE_SIGN_STYLE = Automatic;
				CURRENT_PROJECT_VERSION = 1;
				GENERATE_INFOPLIST_FILE = YES;
				IPHONEOS_DEPLOYMENT_TARGET = 16.4;
				MARKETING_VERSION = 1.0;
				PRODUCT_BUNDLE_IDENTIFIER = me.johnmahlon.SimpleWeatherTests;
				PRODUCT_NAME = "$(TARGET_NAME)";
				SWIFT_EMIT_LOC_STRINGS = NO;
				SWIFT_VERSION = 5.0;
				TARGETED_DEVICE_FAMILY = "1,2";
				TEST_HOST = "$(BUILT_PRODUCTS_DIR)/SimpleWeather.app/$(BUNDLE_EXECUTABLE_FOLDER_PATH)/SimpleWeather";
			};
			name = Debug;
		};
		475423862A40FCB10018568E /* Release */ = {
			isa = XCBuildConfiguration;
			buildSettings = {
				ALWAYS_EMBED_SWIFT_STANDARD_LIBRARIES = YES;
				BUNDLE_LOADER = "$(TEST_HOST)";
				CODE_SIGN_STYLE = Automatic;
				CURRENT_PROJECT_VERSION = 1;
				GENERATE_INFOPLIST_FILE = YES;
				IPHONEOS_DEPLOYMENT_TARGET = 16.4;
				MARKETING_VERSION = 1.0;
				PRODUCT_BUNDLE_IDENTIFIER = me.johnmahlon.SimpleWeatherTests;
				PRODUCT_NAME = "$(TARGET_NAME)";
				SWIFT_EMIT_LOC_STRINGS = NO;
				SWIFT_VERSION = 5.0;
				TARGETED_DEVICE_FAMILY = "1,2";
				TEST_HOST = "$(BUILT_PRODUCTS_DIR)/SimpleWeather.app/$(BUNDLE_EXECUTABLE_FOLDER_PATH)/SimpleWeather";
			};
			name = Release;
		};
		475423882A40FCB10018568E /* Debug */ = {
			isa = XCBuildConfiguration;
			buildSettings = {
				ALWAYS_EMBED_SWIFT_STANDARD_LIBRARIES = YES;
				CODE_SIGN_STYLE = Automatic;
				CURRENT_PROJECT_VERSION = 1;
				GENERATE_INFOPLIST_FILE = YES;
				MARKETING_VERSION = 1.0;
				PRODUCT_BUNDLE_IDENTIFIER = me.johnmahlon.SimpleWeatherUITests;
				PRODUCT_NAME = "$(TARGET_NAME)";
				SWIFT_EMIT_LOC_STRINGS = NO;
				SWIFT_VERSION = 5.0;
				TARGETED_DEVICE_FAMILY = "1,2";
				TEST_TARGET_NAME = SimpleWeather;
			};
			name = Debug;
		};
		475423892A40FCB10018568E /* Release */ = {
			isa = XCBuildConfiguration;
			buildSettings = {
				ALWAYS_EMBED_SWIFT_STANDARD_LIBRARIES = YES;
				CODE_SIGN_STYLE = Automatic;
				CURRENT_PROJECT_VERSION = 1;
				GENERATE_INFOPLIST_FILE = YES;
				MARKETING_VERSION = 1.0;
				PRODUCT_BUNDLE_IDENTIFIER = me.johnmahlon.SimpleWeatherUITests;
				PRODUCT_NAME = "$(TARGET_NAME)";
				SWIFT_EMIT_LOC_STRINGS = NO;
				SWIFT_VERSION = 5.0;
				TARGETED_DEVICE_FAMILY = "1,2";
				TEST_TARGET_NAME = SimpleWeather;
			};
			name = Release;
		};
/* End XCBuildConfiguration section */

/* Begin XCConfigurationList section */
		475423582A40FCB00018568E /* Build configuration list for PBXProject "SimpleWeather" */ = {
			isa = XCConfigurationList;
			buildConfigurations = (
				4754237F2A40FCB10018568E /* Debug */,
				475423802A40FCB10018568E /* Release */,
			);
			defaultConfigurationIsVisible = 0;
			defaultConfigurationName = Release;
		};
		475423812A40FCB10018568E /* Build configuration list for PBXNativeTarget "SimpleWeather" */ = {
			isa = XCConfigurationList;
			buildConfigurations = (
				475423822A40FCB10018568E /* Debug */,
				475423832A40FCB10018568E /* Release */,
			);
			defaultConfigurationIsVisible = 0;
			defaultConfigurationName = Release;
		};
		475423842A40FCB10018568E /* Build configuration list for PBXNativeTarget "SimpleWeatherTests" */ = {
			isa = XCConfigurationList;
			buildConfigurations = (
				475423852A40FCB10018568E /* Debug */,
				475423862A40FCB10018568E /* Release */,
			);
			defaultConfigurationIsVisible = 0;
			defaultConfigurationName = Release;
		};
		475423872A40FCB10018568E /* Build configuration list for PBXNativeTarget "SimpleWeatherUITests" */ = {
			isa = XCConfigurationList;
			buildConfigurations = (
				475423882A40FCB10018568E /* Debug */,
				475423892A40FCB10018568E /* Release */,
			);
			defaultConfigurationIsVisible = 0;
			defaultConfigurationName = Release;
		};
/* End XCConfigurationList section */
	};
	rootObject = 475423552A40FCB00018568E /* Project object */;
}
